
Microsoft Visual Studio Solution File, Format Version 12.00
# Visual Studio Version 17
VisualStudioVersion = 17.0.31903.59
MinimumVisualStudioVersion = 10.0.40219.1
Project("{2150E333-8FDC-42A3-9474-1A3956D46DE8}") = "src", "src", "{827E0CD3-B72D-47B6-A68D-7590B98EB39B}"
EndProject
Project("{FAE04EC0-301F-11D3-BF4B-00C04F79EFBC}") = "SpecTrace.Core", "src\SpecTrace.Core\SpecTrace.Core.csproj", "{7BE705C0-C7F5-40F2-866A-0AD3B2722651}"
EndProject
Project("{FAE04EC0-301F-11D3-BF4B-00C04F79EFBC}") = "SpecTrace.Llm", "src\SpecTrace.Llm\SpecTrace.Llm.csproj", "{62779179-9BD3-4678-A617-E68B281C9CB2}"
EndProject
Project("{FAE04EC0-301F-11D3-BF4B-00C04F79EFBC}") = "SpecTrace.Pipeline", "src\SpecTrace.Pipeline\SpecTrace.Pipeline.csproj", "{A25C353A-711C-4CC6-A550-4CEE68B212A1}"
EndProject
Project("{FAE04EC0-301F-11D3-BF4B-00C04F79EFBC}") = "SpecTrace.Cli", "src\SpecTrace.Cli\SpecTrace.Cli.csproj", "{C87F165E-0BC9-4049-97EA-E270BA1B7A0C}"
EndProject
Project("{2150E333-8FDC-42A3-9474-1A3956D46DE8}") = "tests", "tests", "{0AB3BF05-4346-4AA6-1389-037BE0695223}"
EndProject
Project("{FAE04EC0-301F-11D3-BF4B-00C04F79EFBC}") = "SpecTrace.Core.Tests", "tests\SpecTrace.Core.Tests\SpecTrace.Core.Tests.csproj", "{BCB35407-0C92-45FD-8E44-72FE24AD8DDA}"
EndProject
Project("{FAE04EC0-301F-11D3-BF4B-00C04F79EFBC}") = "SpecTrace.Pipeline.Tests", "tests\SpecTrace.Pipeline.Tests\SpecTrace.Pipeline.Tests.csproj", "{F2371D28-ABEB-4103-AF85-300272CE10E5}"
EndProject
Project("{FAE04EC0-301F-11D3-BF4B-00C04F79EFBC}") = "SpecTrace.Llm.Tests", "tests\SpecTrace.Llm.Tests\SpecTrace.Llm.Tests.csproj", "{A49BF57C-41A2-442C-9BFA-E2A943E40F92}"
EndProject
Global
	GlobalSection(SolutionConfigurationPlatforms) = preSolution
		Debug|Any CPU = Debug|Any CPU
		Debug|x64 = Debug|x64
		Debug|x86 = Debug|x86
		Release|Any CPU = Release|Any CPU
		Release|x64 = Release|x64
		Release|x86 = Release|x86
	EndGlobalSection
	GlobalSection(ProjectConfigurationPlatforms) = postSolution
		{7BE705C0-C7F5-40F2-866A-0AD3B2722651}.Debug|Any CPU.ActiveCfg = Debug|Any CPU
		{7BE705C0-C7F5-40F2-866A-0AD3B2722651}.Debug|Any CPU.Build.0 = Debug|Any CPU
		{7BE705C0-C7F5-40F2-866A-0AD3B2722651}.Debug|x64.ActiveCfg = Debug|Any CPU
		{7BE705C0-C7F5-40F2-866A-0AD3B2722651}.Debug|x64.Build.0 = Debug|Any CPU
		{7BE705C0-C7F5-40F2-866A-0AD3B2722651}.Debug|x86.ActiveCfg = Debug|Any CPU
		{7BE705C0-C7F5-40F2-866A-0AD3B2722651}.Debug|x86.Build.0 = Debug|Any CPU
		{7BE705C0-C7F5-40F2-866A-0AD3B2722651}.Release|Any CPU.ActiveCfg = Release|Any CPU
		{7BE705C0-C7F5-40F2-866A-0AD3B2722651}.Release|Any CPU.Build.0 = Release|Any CPU
		{7BE705C0-C7F5-40F2-866A-0AD3B2722651}.Release|x64.ActiveCfg = Release|Any CPU
		{7BE705C0-C7F5-40F2-866A-0AD3B2722651}.Release|x64.Build.0 = Release|Any CPU
		{7BE705C0-C7F5-40F2-866A-0AD3B2722651}.Release|x86.ActiveCfg = Release|Any CPU
		{7BE705C0-C7F5-40F2-866A-0AD3B2722651}.Release|x86.Build.0 = Release|Any CPU
		{62779179-9BD3-4678-A617-E68B281C9CB2}.Debug|Any CPU.ActiveCfg = Debug|Any CPU
		{62779179-9BD3-4678-A617-E68B281C9CB2}.Debug|Any CPU.Build.0 = Debug|Any CPU
		{62779179-9BD3-4678-A617-E68B281C9CB2}.Debug|x64.ActiveCfg = Debug|Any CPU
		{62779179-9BD3-4678-A617-E68B281C9CB2}.Debug|x64.Build.0 = Debug|Any CPU
		{62779179-9BD3-4678-A617-E68B281C9CB2}.Debug|x86.ActiveCfg = Debug|Any CPU
		{62779179-9BD3-4678-A617-E68B281C9CB2}.Debug|x86.Build.0 = Debug|Any CPU
		{62779179-9BD3-4678-A617-E68B281C9CB2}.Release|Any CPU.ActiveCfg = Release|Any CPU
		{62779179-9BD3-4678-A617-E68B281C9CB2}.Release|Any CPU.Build.0 = Release|Any CPU
		{62779179-9BD3-4678-A617-E68B281C9CB2}.Release|x64.ActiveCfg = Release|Any CPU
		{62779179-9BD3-4678-A617-E68B281C9CB2}.Release|x64.Build.0 = Release|Any CPU
		{62779179-9BD3-4678-A617-E68B281C9CB2}.Release|x86.ActiveCfg = Release|Any CPU
		{62779179-9BD3-4678-A617-E68B281C9CB2}.Release|x86.Build.0 = Release|Any CPU
		{A25C353A-711C-4CC6-A550-4CEE68B212A1}.Debug|Any CPU.ActiveCfg = Debug|Any CPU
		{A25C353A-711C-4CC6-A550-4CEE68B212A1}.Debug|Any CPU.Build.0 = Debug|Any CPU
		{A25C353A-711C-4CC6-A550-4CEE68B212A1}.Debug|x64.ActiveCfg = Debug|Any CPU
		{A25C353A-711C-4CC6-A550-4CEE68B212A1}.Debug|x64.Build.0 = Debug|Any CPU
		{A25C353A-711C-4CC6-A550-4CEE68B212A1}.Debug|x86.ActiveCfg = Debug|Any CPU
		{A25C353A-711C-4CC6-A550-4CEE68B212A1}.Debug|x86.Build.0 = Debug|Any CPU
		{A25C353A-711C-4CC6-A550-4CEE68B212A1}.Release|Any CPU.ActiveCfg = Release|Any CPU
		{A25C353A-711C-4CC6-A550-4CEE68B212A1}.Release|Any CPU.Build.0 = Release|Any CPU
		{A25C353A-711C-4CC6-A550-4CEE68B212A1}.Release|x64.ActiveCfg = Release|Any CPU
		{A25C353A-711C-4CC6-A550-4CEE68B212A1}.Release|x64.Build.0 = Release|Any CPU
		{A25C353A-711C-4CC6-A550-4CEE68B212A1}.Release|x86.ActiveCfg = Release|Any CPU
		{A25C353A-711C-4CC6-A550-4CEE68B212A1}.Release|x86.Build.0 = Release|Any CPU
		{C87F165E-0BC9-4049-97EA-E270BA1B7A0C}.Debug|Any CPU.ActiveCfg = Debug|Any CPU
		{C87F165E-0BC9-4049-97EA-E270BA1B7A0C}.Debug|Any CPU.Build.0 = Debug|Any CPU
		{C87F165E-0BC9-4049-97EA-E270BA1B7A0C}.Debug|x64.ActiveCfg = Debug|Any CPU
		{C87F165E-0BC9-4049-97EA-E270BA1B7A0C}.Debug|x64.Build.0 = Debug|Any CPU
		{C87F165E-0BC9-4049-97EA-E270BA1B7A0C}.Debug|x86.ActiveCfg = Debug|Any CPU
		{C87F165E-0BC9-4049-97EA-E270BA1B7A0C}.Debug|x86.Build.0 = Debug|Any CPU
		{C87F165E-0BC9-4049-97EA-E270BA1B7A0C}.Release|Any CPU.ActiveCfg = Release|Any CPU
		{C87F165E-0BC9-4049-97EA-E270BA1B7A0C}.Release|Any CPU.Build.0 = Release|Any CPU
		{C87F165E-0BC9-4049-97EA-E270BA1B7A0C}.Release|x64.ActiveCfg = Release|Any CPU
		{C87F165E-0BC9-4049-97EA-E270BA1B7A0C}.Release|x64.Build.0 = Release|Any CPU
		{C87F165E-0BC9-4049-97EA-E270BA1B7A0C}.Release|x86.ActiveCfg = Release|Any CPU
		{C87F165E-0BC9-4049-97EA-E270BA1B7A0C}.Release|x86.Build.0 = Release|Any CPU
		{BCB35407-0C92-45FD-8E44-72FE24AD8DDA}.Debug|Any CPU.ActiveCfg = Debug|Any CPU
		{BCB35407-0C92-45FD-8E44-72FE24AD8DDA}.Debug|Any CPU.Build.0 = Debug|Any CPU
		{BCB35407-0C92-45FD-8E44-72FE24AD8DDA}.Debug|x64.ActiveCfg = Debug|Any CPU
		{BCB35407-0C92-45FD-8E44-72FE24AD8DDA}.Debug|x64.Build.0 = Debug|Any CPU
		{BCB35407-0C92-45FD-8E44-72FE24AD8DDA}.Debug|x86.ActiveCfg = Debug|Any CPU
		{BCB35407-0C92-45FD-8E44-72FE24AD8DDA}.Debug|x86.Build.0 = Debug|Any CPU
		{BCB35407-0C92-45FD-8E44-72FE24AD8DDA}.Release|Any CPU.ActiveCfg = Release|Any CPU
		{BCB35407-0C92-45FD-8E44-72FE24AD8DDA}.Release|Any CPU.Build.0 = Release|Any CPU
		{BCB35407-0C92-45FD-8E44-72FE24AD8DDA}.Release|x64.ActiveCfg = Release|Any CPU
		{BCB35407-0C92-45FD-8E44-72FE24AD8DDA}.Release|x64.Build.0 = Release|Any CPU
		{BCB35407-0C92-45FD-8E44-72FE24AD8DDA}.Release|x86.ActiveCfg = Release|Any CPU
		{BCB35407-0C92-45FD-8E44-72FE24AD8DDA}.Release|x86.Build.0 = Release|Any CPU
		{F2371D28-ABEB-4103-AF85-300272CE10E5}.Debug|Any CPU.ActiveCfg = Debug|Any CPU
		{F2371D28-ABEB-4103-AF85-300272CE10E5}.Debug|Any CPU.Build.0 = Debug|Any CPU
		{F2371D28-ABEB-4103-AF85-300272CE10E5}.Debug|x64.ActiveCfg = Debug|Any CPU
		{F2371D28-ABEB-4103-AF85-300272CE10E5}.Debug|x64.Build.0 = Debug|Any CPU
		{F2371D28-ABEB-4103-AF85-300272CE10E5}.Debug|x86.ActiveCfg = Debug|Any CPU
		{F2371D28-ABEB-4103-AF85-300272CE10E5}.Debug|x86.Build.0 = Debug|Any CPU
		{F2371D28-ABEB-4103-AF85-300272CE10E5}.Release|Any CPU.ActiveCfg = Release|Any CPU
		{F2371D28-ABEB-4103-AF85-300272CE10E5}.Release|Any CPU.Build.0 = Release|Any CPU
		{F2371D28-ABEB-4103-AF85-300272CE10E5}.Release|x64.ActiveCfg = Release|Any CPU
		{F2371D28-ABEB-4103-AF85-300272CE10E5}.Release|x64.Build.0 = Release|Any CPU
		{F2371D28-ABEB-4103-AF85-300272CE10E5}.Release|x86.ActiveCfg = Release|Any CPU
		{F2371D28-ABEB-4103-AF85-300272CE10E5}.Release|x86.Build.0 = Release|Any CPU
		{A49BF57C-41A2-442C-9BFA-E2A943E40F92}.Debug|Any CPU.ActiveCfg = Debug|Any CPU
		{A49BF57C-41A2-442C-9BFA-E2A943E40F92}.Debug|Any CPU.Build.0 = Debug|Any CPU
		{A49BF57C-41A2-442C-9BFA-E2A943E40F92}.Debug|x64.ActiveCfg = Debug|Any CPU
		{A49BF57C-41A2-442C-9BFA-E2A943E40F92}.Debug|x64.Build.0 = Debug|Any CPU
		{A49BF57C-41A2-442C-9BFA-E2A943E40F92}.Debug|x86.ActiveCfg = Debug|Any CPU
		{A49BF57C-41A2-442C-9BFA-E2A943E40F92}.Debug|x86.Build.0 = Debug|Any CPU
		{A49BF57C-41A2-442C-9BFA-E2A943E40F92}.Release|Any CPU.ActiveCfg = Release|Any CPU
		{A49BF57C-41A2-442C-9BFA-E2A943E40F92}.Release|Any CPU.Build.0 = Release|Any CPU
		{A49BF57C-41A2-442C-9BFA-E2A943E40F92}.Release|x64.ActiveCfg = Release|Any CPU
		{A49BF57C-41A2-442C-9BFA-E2A943E40F92}.Release|x64.Build.0 = Release|Any CPU
		{A49BF57C-41A2-442C-9BFA-E2A943E40F92}.Release|x86.ActiveCfg = Release|Any CPU
		{A49BF57C-41A2-442C-9BFA-E2A943E40F92}.Release|x86.Build.0 = Release|Any CPU
	EndGlobalSection
	GlobalSection(SolutionProperties) = preSolution
		HideSolutionNode = FALSE
	EndGlobalSection
	GlobalSection(NestedProjects) = preSolution
		{7BE705C0-C7F5-40F2-866A-0AD3B2722651} = {827E0CD3-B72D-47B6-A68D-7590B98EB39B}
		{62779179-9BD3-4678-A617-E68B281C9CB2} = {827E0CD3-B72D-47B6-A68D-7590B98EB39B}
		{A25C353A-711C-4CC6-A550-4CEE68B212A1} = {827E0CD3-B72D-47B6-A68D-7590B98EB39B}
		{C87F165E-0BC9-4049-97EA-E270BA1B7A0C} = {827E0CD3-B72D-47B6-A68D-7590B98EB39B}
		{BCB35407-0C92-45FD-8E44-72FE24AD8DDA} = {0AB3BF05-4346-4AA6-1389-037BE0695223}
		{F2371D28-ABEB-4103-AF85-300272CE10E5} = {0AB3BF05-4346-4AA6-1389-037BE0695223}
		{A49BF57C-41A2-442C-9BFA-E2A943E40F92} = {0AB3BF05-4346-4AA6-1389-037BE0695223}
	EndGlobalSection
EndGlobal
